{
    "name": "tiktoken-node",
    "version": "0.0.2",
    "lockfileVersion": 3,
    "requires": true,
    "packages": {
        "": {
            "name": "tiktoken-node",
            "version": "0.0.2",
            "license": "MIT",
            "devDependencies": {
                "@napi-rs/cli": "2.14.8",
                "typescript": "4.9.5"
            },
            "engines": {
                "node": ">= 14"
            }
        },
        "node_modules/@napi-rs/cli": {
            "version": "2.14.8",
            "resolved": "https://registry.npmjs.org/@napi-rs/cli/-/cli-2.14.8.tgz",
            "integrity": "sha512-IvA3s8BqohMdUbOkFn7+23u1dhIJZCkA8Xps7DD4SLdCMbcbUF6MUuKiqxuqmVHBFTaxU25sU56WdX3efqGgPw==",
            "dev": true,
            "bin": {
                "napi": "scripts/index.js"
            },
            "engines": {
                "node": ">= 10"
            },
            "funding": {
                "type": "github",
                "url": "https://github.com/sponsors/Brooooooklyn"
            }
        },
        "node_modules/typescript": {
            "version": "4.9.5",
            "resolved": "https://registry.npmjs.org/typescript/-/typescript-4.9.5.tgz",
            "integrity": "sha512-1FXk9E2Hm+QzZQ7z+McJiHL4NW1F2EzMu9Nq9i3zAaGqibafqYwCVU6WyWAuyQRRzOlxou8xZSyXLEN8oKj24g==",
            "dev": true,
            "bin": {
                "tsc": "bin/tsc",
                "tsserver": "bin/tsserver"
            },
            "engines": {
                "node": ">=4.2.0"
            }
        }
    }
}
